
Microsoft Visual Studio Solution File, Format Version 12.00
# Visual Studio Version 17
VisualStudioVersion = 17.8.34330.188
MinimumVisualStudioVersion = 10.0.40219.1
Project("{FAE04EC0-301F-11D3-BF4B-00C04F79EFBC}") = "PH48831_phunghuytruong", "PH48831_phunghuytruong\PH48831_phunghuytruong.csproj", "{3A978AA9-525C-4125-8704-ED61A275ED63}"
EndProject
Global
	GlobalSection(SolutionConfigurationPlatforms) = preSolution
		Debug|Any CPU = Debug|Any CPU
		Release|Any CPU = Release|Any CPU
	EndGlobalSection
	GlobalSection(ProjectConfigurationPlatforms) = postSolution
		{3A978AA9-525C-4125-8704-ED61A275ED63}.Debug|Any CPU.ActiveCfg = Debug|Any CPU
		{3A978AA9-525C-4125-8704-ED61A275ED63}.Debug|Any CPU.Build.0 = Debug|Any CPU
		{3A978AA9-525C-4125-8704-ED61A275ED63}.Release|Any CPU.ActiveCfg = Release|Any CPU
		{3A978AA9-525C-4125-8704-ED61A275ED63}.Release|Any CPU.Build.0 = Release|Any CPU
	EndGlobalSection
	GlobalSection(SolutionProperties) = preSolution
		HideSolutionNode = FALSE
	EndGlobalSection
	GlobalSection(ExtensibilityGlobals) = postSolution
		SolutionGuid = {6E076258-60FA-4BF9-950B-036775930D30}
	EndGlobalSection
EndGlobal
